
Microsoft Visual Studio Solution File, Format Version 12.00
# Visual Studio Version 16
VisualStudioVersion = 16.0.33423.256
MinimumVisualStudioVersion = 10.0.40219.1
Project("{FAE04EC0-301F-11D3-BF4B-00C04F79EFBC}") = "GSB_3_C", "GSB_3_C\GSB_3_C.csproj", "{4E933CF8-F5D0-4F44-AABF-EE27F5D72660}"
EndProject
Global
	GlobalSection(SolutionConfigurationPlatforms) = preSolution
		Debug|Any CPU = Debug|Any CPU
		Release|Any CPU = Release|Any CPU
	EndGlobalSection
	GlobalSection(ProjectConfigurationPlatforms) = postSolution
		{4E933CF8-F5D0-4F44-AABF-EE27F5D72660}.Debug|Any CPU.ActiveCfg = Debug|Any CPU
		{4E933CF8-F5D0-4F44-AABF-EE27F5D72660}.Debug|Any CPU.Build.0 = Debug|Any CPU
		{4E933CF8-F5D0-4F44-AABF-EE27F5D72660}.Release|Any CPU.ActiveCfg = Release|Any CPU
		{4E933CF8-F5D0-4F44-AABF-EE27F5D72660}.Release|Any CPU.Build.0 = Release|Any CPU
	EndGlobalSection
	GlobalSection(SolutionProperties) = preSolution
		HideSolutionNode = FALSE
	EndGlobalSection
	GlobalSection(ExtensibilityGlobals) = postSolution
		SolutionGuid = {564A880A-FDF4-4947-8851-1C36EA80027E}
	EndGlobalSection
EndGlobal
